
Microsoft Visual Studio Solution File, Format Version 12.00
# Visual Studio Version 17
VisualStudioVersion = 17.2.32630.192
MinimumVisualStudioVersion = 10.0.40219.1
Project("{FAE04EC0-301F-11D3-BF4B-00C04F79EFBC}") = "FuelCalculator", "FuelCalculator.csproj", "{060641A1-96A8-490A-9BDD-D97B84C59DCF}"
EndProject
Global
	GlobalSection(SolutionConfigurationPlatforms) = preSolution
		Debug|Any CPU = Debug|Any CPU
		Release|Any CPU = Release|Any CPU
	EndGlobalSection
	GlobalSection(ProjectConfigurationPlatforms) = postSolution
		{060641A1-96A8-490A-9BDD-D97B84C59DCF}.Debug|Any CPU.ActiveCfg = Debug|Any CPU
		{060641A1-96A8-490A-9BDD-D97B84C59DCF}.Debug|Any CPU.Build.0 = Debug|Any CPU
		{060641A1-96A8-490A-9BDD-D97B84C59DCF}.Release|Any CPU.ActiveCfg = Release|Any CPU
		{060641A1-96A8-490A-9BDD-D97B84C59DCF}.Release|Any CPU.Build.0 = Release|Any CPU
	EndGlobalSection
	GlobalSection(SolutionProperties) = preSolution
		HideSolutionNode = FALSE
	EndGlobalSection
	GlobalSection(ExtensibilityGlobals) = postSolution
		SolutionGuid = {4CF08D58-AA2F-45B5-81C6-3D1FBC1E8BFA}
	EndGlobalSection
EndGlobal
